
Microsoft Visual Studio Solution File, Format Version 12.00
# Visual Studio Version 16
VisualStudioVersion = 16.0.30711.63
MinimumVisualStudioVersion = 10.0.40219.1
Project("{FAE04EC0-301F-11D3-BF4B-00C04F79EFBC}") = "WPF", "ListBoxTemplateMouseClickCommand\WPF.csproj", "{1A8CE2D9-B780-4202-BE92-0D4F55C16B55}"
EndProject
Project("{FAE04EC0-301F-11D3-BF4B-00C04F79EFBC}") = "Common", "Common\Common.csproj", "{695994E1-2F7B-49B5-9E3D-4E2A41E41C9A}"
EndProject
Project("{FAE04EC0-301F-11D3-BF4B-00C04F79EFBC}") = "Data", "Data\Data.csproj", "{B9C426E0-DB33-4820-BC35-92C48155691D}"
EndProject
Project("{FAE04EC0-301F-11D3-BF4B-00C04F79EFBC}") = "Logic", "Logic\Logic.csproj", "{D90F8CB3-2C06-4877-AB18-613509F97A69}"
EndProject
Global
	GlobalSection(SolutionConfigurationPlatforms) = preSolution
		Debug|Any CPU = Debug|Any CPU
		Release|Any CPU = Release|Any CPU
	EndGlobalSection
	GlobalSection(ProjectConfigurationPlatforms) = postSolution
		{1A8CE2D9-B780-4202-BE92-0D4F55C16B55}.Debug|Any CPU.ActiveCfg = Debug|Any CPU
		{1A8CE2D9-B780-4202-BE92-0D4F55C16B55}.Debug|Any CPU.Build.0 = Debug|Any CPU
		{1A8CE2D9-B780-4202-BE92-0D4F55C16B55}.Release|Any CPU.ActiveCfg = Release|Any CPU
		{1A8CE2D9-B780-4202-BE92-0D4F55C16B55}.Release|Any CPU.Build.0 = Release|Any CPU
		{695994E1-2F7B-49B5-9E3D-4E2A41E41C9A}.Debug|Any CPU.ActiveCfg = Debug|Any CPU
		{695994E1-2F7B-49B5-9E3D-4E2A41E41C9A}.Debug|Any CPU.Build.0 = Debug|Any CPU
		{695994E1-2F7B-49B5-9E3D-4E2A41E41C9A}.Release|Any CPU.ActiveCfg = Release|Any CPU
		{695994E1-2F7B-49B5-9E3D-4E2A41E41C9A}.Release|Any CPU.Build.0 = Release|Any CPU
		{B9C426E0-DB33-4820-BC35-92C48155691D}.Debug|Any CPU.ActiveCfg = Debug|Any CPU
		{B9C426E0-DB33-4820-BC35-92C48155691D}.Debug|Any CPU.Build.0 = Debug|Any CPU
		{B9C426E0-DB33-4820-BC35-92C48155691D}.Release|Any CPU.ActiveCfg = Release|Any CPU
		{B9C426E0-DB33-4820-BC35-92C48155691D}.Release|Any CPU.Build.0 = Release|Any CPU
		{D90F8CB3-2C06-4877-AB18-613509F97A69}.Debug|Any CPU.ActiveCfg = Debug|Any CPU
		{D90F8CB3-2C06-4877-AB18-613509F97A69}.Debug|Any CPU.Build.0 = Debug|Any CPU
		{D90F8CB3-2C06-4877-AB18-613509F97A69}.Release|Any CPU.ActiveCfg = Release|Any CPU
		{D90F8CB3-2C06-4877-AB18-613509F97A69}.Release|Any CPU.Build.0 = Release|Any CPU
	EndGlobalSection
	GlobalSection(SolutionProperties) = preSolution
		HideSolutionNode = FALSE
	EndGlobalSection
	GlobalSection(ExtensibilityGlobals) = postSolution
		SolutionGuid = {44730ACD-4018-498F-9A51-4D02BC4B9A37}
	EndGlobalSection
EndGlobal
